
Microsoft Visual Studio Solution File, Format Version 12.00
# Visual Studio Version 17
VisualStudioVersion = 17.4.33110.190
MinimumVisualStudioVersion = 10.0.40219.1
Project("{FAE04EC0-301F-11D3-BF4B-00C04F79EFBC}") = "Day01", "Day01\Day01.csproj", "{DA85B49A-6748-46C0-B934-BDDF8468BBF8}"
EndProject
Global
	GlobalSection(SolutionConfigurationPlatforms) = preSolution
		Debug|Any CPU = Debug|Any CPU
		Release|Any CPU = Release|Any CPU
	EndGlobalSection
	GlobalSection(ProjectConfigurationPlatforms) = postSolution
		{DA85B49A-6748-46C0-B934-BDDF8468BBF8}.Debug|Any CPU.ActiveCfg = Debug|Any CPU
		{DA85B49A-6748-46C0-B934-BDDF8468BBF8}.Debug|Any CPU.Build.0 = Debug|Any CPU
		{DA85B49A-6748-46C0-B934-BDDF8468BBF8}.Release|Any CPU.ActiveCfg = Release|Any CPU
		{DA85B49A-6748-46C0-B934-BDDF8468BBF8}.Release|Any CPU.Build.0 = Release|Any CPU
	EndGlobalSection
	GlobalSection(SolutionProperties) = preSolution
		HideSolutionNode = FALSE
	EndGlobalSection
	GlobalSection(ExtensibilityGlobals) = postSolution
		SolutionGuid = {F54E8577-580B-46E3-B6DC-CADAF2501479}
	EndGlobalSection
EndGlobal
